{
  "version": 4,
  "terraform_version": "1.9.8",
  "serial": 4,
  "lineage": "5179aa78-db55-dd93-c3c9-fcc957e9459e",
  "outputs": {},
  "resources": [
    {
      "mode": "managed",
      "type": "local_file",
      "name": "sample_res",
      "provider": "provider[\"registry.terraform.io/hashicorp/local\"]",
      "instances": [
        {
          "schema_version": 0,
          "attributes": {
            "content": "I Love Terraform and love to learn",
            "content_base64": null,
            "content_base64sha256": "IUgzu+YKwAG/1vu7htfRbR147RJbs0h0qXOALofn8xc=",
            "content_base64sha512": "r4PUxEb7zqphvKvUvcG3K2NZC3cLrbEYzWRW3n+95dNvSoVmmajbfJP4CWFVow+usklCFPvnDNg5LBJhBbf7HQ==",
            "content_md5": "08b5a773aa65ad5eda24e3e10b0f4a63",
            "content_sha1": "af8c1159df0cba278e3d5da7926584dbdd4d61b2",
            "content_sha256": "214833bbe60ac001bfd6fbbb86d7d16d1d78ed125bb34874a973802e87e7f317",
            "content_sha512": "af83d4c446fbceaa61bcabd4bdc1b72b63590b770badb118cd6456de7fbde5d36f4a856699a8db7c93f8096155a30faeb2494214fbe70cd8392c126105b7fb1d",
            "directory_permission": "0777",
            "file_permission": "0777",
            "filename": "sample.txt",
            "id": "af8c1159df0cba278e3d5da7926584dbdd4d61b2",
            "sensitive_content": null,
            "source": null
          },
          "sensitive_attributes": [
            [
              {
                "type": "get_attr",
                "value": "sensitive_content"
              }
            ]
          ]
        }
      ]
    }
  ],
  "check_results": null
}
