{
  "version": 4,
  "terraform_version": "1.9.8",
  "serial": 5,
  "lineage": "67112464-a12c-738b-98b2-48992b771846",
  "outputs": {},
  "resources": [
    {
      "mode": "managed",
      "type": "local_file",
      "name": "cat_res",
      "provider": "provider[\"registry.terraform.io/hashicorp/local\"]",
      "instances": [
        {
          "schema_version": 0,
          "attributes": {
            "content": "I Love Cat",
            "content_base64": null,
            "content_base64sha256": "siwSasEctl/Exh/mzg11oZf5WbFp6vMUpr00N+cReOU=",
            "content_base64sha512": "XuHm4TYDQMpGMKpARZM5jAoGtnGyOg5mD6E3Rg1A//MuAD6sFIC1You3E83rQ+GeLQCRYBjY/RfX21lr4iKb+w==",
            "content_md5": "5cac38c6c54aefac21e6214b296052b9",
            "content_sha1": "09222ab538fe765c811ffd7941eff452120460a2",
            "content_sha256": "b22c126ac11cb65fc4c61fe6ce0d75a197f959b169eaf314a6bd3437e71178e5",
            "content_sha512": "5ee1e6e1360340ca4630aa404593398c0a06b671b23a0e660fa137460d40fff32e003eac1480b5628bb713cdeb43e19e2d00916018d8fd17d7db596be2229bfb",
            "directory_permission": "0777",
            "file_permission": "0777",
            "filename": "cat.txt",
            "id": "09222ab538fe765c811ffd7941eff452120460a2",
            "sensitive_content": null,
            "source": null
          },
          "sensitive_attributes": [
            [
              {
                "type": "get_attr",
                "value": "sensitive_content"
              }
            ]
          ]
        }
      ]
    },
    {
      "mode": "managed",
      "type": "local_file",
      "name": "dog_res",
      "provider": "provider[\"registry.terraform.io/hashicorp/local\"]",
      "instances": [
        {
          "schema_version": 0,
          "attributes": {
            "content": "I Love Dog",
            "content_base64": null,
            "content_base64sha256": "hMiXMbb6uqQ0hz/DDijXcAkIpAapt0z5oB3FYTHz6AI=",
            "content_base64sha512": "q7pAsbQzOMLf7+kCoeF6x9QpXhm+Cxa4cnXViFo70Or7PUrI4SfsiTLCslntEX1T07Cfme07bAOcnTsq9l+Mrg==",
            "content_md5": "8cd20ef545cd02db97d2cafecab615fc",
            "content_sha1": "8be0dbc8ebb003fd149e57042ca553311242093e",
            "content_sha256": "84c89731b6fabaa434873fc30e28d7700908a406a9b74cf9a01dc56131f3e802",
            "content_sha512": "abba40b1b43338c2dfefe902a1e17ac7d4295e19be0b16b87275d5885a3bd0eafb3d4ac8e127ec8932c2b259ed117d53d3b09f99ed3b6c039c9d3b2af65f8cae",
            "directory_permission": "0777",
            "file_permission": "0777",
            "filename": "dog.txt",
            "id": "8be0dbc8ebb003fd149e57042ca553311242093e",
            "sensitive_content": null,
            "source": null
          },
          "sensitive_attributes": [
            [
              {
                "type": "get_attr",
                "value": "sensitive_content"
              }
            ]
          ]
        }
      ]
    }
  ],
  "check_results": null
}
